
Microsoft Visual Studio Solution File, Format Version 12.00
Project("{FAE04EC0-301F-11D3-BF4B-00C04F79EFBC}") = "WebApi", "WebApi\WebApi.csproj", "{E80B49A5-04F3-4EDA-973E-9F7B897B1DEF}"
EndProject
Project("{FAE04EC0-301F-11D3-BF4B-00C04F79EFBC}") = "Etherscan.Infrastructure", "Etherscan.Infrastructure\Etherscan.Infrastructure.csproj", "{0104E39D-AD9B-4A0D-B9A1-5FD3874579AC}"
EndProject
Project("{FAE04EC0-301F-11D3-BF4B-00C04F79EFBC}") = "Etherscan.Domain", "Etherscan.Domain\Etherscan.Domain.csproj", "{D41D7CFE-6A63-4804-BAAC-E7F341E3B027}"
EndProject
Project("{FAE04EC0-301F-11D3-BF4B-00C04F79EFBC}") = "Etherscan.Web", "Etherscan.Web\Etherscan.Web.csproj", "{B645BE4D-96D0-48CB-98DE-54E9A9462243}"
EndProject
Global
	GlobalSection(SolutionConfigurationPlatforms) = preSolution
		Debug|Any CPU = Debug|Any CPU
		Release|Any CPU = Release|Any CPU
	EndGlobalSection
	GlobalSection(ProjectConfigurationPlatforms) = postSolution
		{E80B49A5-04F3-4EDA-973E-9F7B897B1DEF}.Debug|Any CPU.ActiveCfg = Debug|Any CPU
		{E80B49A5-04F3-4EDA-973E-9F7B897B1DEF}.Debug|Any CPU.Build.0 = Debug|Any CPU
		{E80B49A5-04F3-4EDA-973E-9F7B897B1DEF}.Release|Any CPU.ActiveCfg = Release|Any CPU
		{E80B49A5-04F3-4EDA-973E-9F7B897B1DEF}.Release|Any CPU.Build.0 = Release|Any CPU
		{0104E39D-AD9B-4A0D-B9A1-5FD3874579AC}.Debug|Any CPU.ActiveCfg = Debug|Any CPU
		{0104E39D-AD9B-4A0D-B9A1-5FD3874579AC}.Debug|Any CPU.Build.0 = Debug|Any CPU
		{0104E39D-AD9B-4A0D-B9A1-5FD3874579AC}.Release|Any CPU.ActiveCfg = Release|Any CPU
		{0104E39D-AD9B-4A0D-B9A1-5FD3874579AC}.Release|Any CPU.Build.0 = Release|Any CPU
		{D41D7CFE-6A63-4804-BAAC-E7F341E3B027}.Debug|Any CPU.ActiveCfg = Debug|Any CPU
		{D41D7CFE-6A63-4804-BAAC-E7F341E3B027}.Debug|Any CPU.Build.0 = Debug|Any CPU
		{D41D7CFE-6A63-4804-BAAC-E7F341E3B027}.Release|Any CPU.ActiveCfg = Release|Any CPU
		{D41D7CFE-6A63-4804-BAAC-E7F341E3B027}.Release|Any CPU.Build.0 = Release|Any CPU
		{B645BE4D-96D0-48CB-98DE-54E9A9462243}.Debug|Any CPU.ActiveCfg = Debug|Any CPU
		{B645BE4D-96D0-48CB-98DE-54E9A9462243}.Debug|Any CPU.Build.0 = Debug|Any CPU
		{B645BE4D-96D0-48CB-98DE-54E9A9462243}.Release|Any CPU.ActiveCfg = Release|Any CPU
		{B645BE4D-96D0-48CB-98DE-54E9A9462243}.Release|Any CPU.Build.0 = Release|Any CPU
	EndGlobalSection
EndGlobal
